
Microsoft Visual Studio Solution File, Format Version 12.00
# Visual Studio Version 17
VisualStudioVersion = 17.6.33829.357
MinimumVisualStudioVersion = 10.0.40219.1
Project("{9A19103F-16F7-4668-BE54-9A1E7A4F7556}") = "BingNew.DataAccessLayer", "BingNew.DataAccessLayer\BingNew.DataAccessLayer.csproj", "{4D76FA8B-F3C0-4B7F-B983-5E43CDBEF1DA}"
EndProject
Project("{9A19103F-16F7-4668-BE54-9A1E7A4F7556}") = "BingNew.PresentationLayer", "BingNew.PresentationLayer\BingNew.PresentationLayer.csproj", "{00AA77BC-946E-47D8-A1FA-7ED29F38162A}"
EndProject
Project("{9A19103F-16F7-4668-BE54-9A1E7A4F7556}") = "BingNew.BusinessLogicLayer", "BingNew.BusinessLogicLayer\BingNew.BusinessLogicLayer.csproj", "{EAB9506F-B52C-4F5D-91FA-6D0DA7FB8013}"
EndProject
Project("{9A19103F-16F7-4668-BE54-9A1E7A4F7556}") = "NewsAggregationTest", "NewsAggregationTest\NewsAggregationTest.csproj", "{237C6EA7-C88D-43E2-908A-9D1BB7BF4E9C}"
EndProject
Project("{2150E333-8FDC-42A3-9474-1A3956D46DE8}") = "Solution Items", "Solution Items", "{88E5D3C3-CAE4-416A-B959-711BB0CB824C}"
EndProject
Project("{9A19103F-16F7-4668-BE54-9A1E7A4F7556}") = "BingNew.ORM", "BingNew.ORM\BingNew.ORM.csproj", "{72581821-9DAB-47B5-B81A-7B91F5E5AE78}"
EndProject
Project("{9A19103F-16F7-4668-BE54-9A1E7A4F7556}") = "BingNew.DI", "BingNew.DI\BingNew.DI.csproj", "{24CCBBC1-58E2-4F87-95AD-C720BBCBED93}"
EndProject
Project("{FAE04EC0-301F-11D3-BF4B-00C04F79EFBC}") = "BingNew.Mapping", "BingNew.Mapping\BingNew.Mapping.csproj", "{D0543204-1E57-439F-989E-58D7095FBD34}"
EndProject
Global
	GlobalSection(SolutionConfigurationPlatforms) = preSolution
		Debug|Any CPU = Debug|Any CPU
		Release|Any CPU = Release|Any CPU
	EndGlobalSection
	GlobalSection(ProjectConfigurationPlatforms) = postSolution
		{4D76FA8B-F3C0-4B7F-B983-5E43CDBEF1DA}.Debug|Any CPU.ActiveCfg = Debug|Any CPU
		{4D76FA8B-F3C0-4B7F-B983-5E43CDBEF1DA}.Debug|Any CPU.Build.0 = Debug|Any CPU
		{4D76FA8B-F3C0-4B7F-B983-5E43CDBEF1DA}.Release|Any CPU.ActiveCfg = Release|Any CPU
		{4D76FA8B-F3C0-4B7F-B983-5E43CDBEF1DA}.Release|Any CPU.Build.0 = Release|Any CPU
		{00AA77BC-946E-47D8-A1FA-7ED29F38162A}.Debug|Any CPU.ActiveCfg = Debug|Any CPU
		{00AA77BC-946E-47D8-A1FA-7ED29F38162A}.Debug|Any CPU.Build.0 = Debug|Any CPU
		{00AA77BC-946E-47D8-A1FA-7ED29F38162A}.Release|Any CPU.ActiveCfg = Release|Any CPU
		{00AA77BC-946E-47D8-A1FA-7ED29F38162A}.Release|Any CPU.Build.0 = Release|Any CPU
		{EAB9506F-B52C-4F5D-91FA-6D0DA7FB8013}.Debug|Any CPU.ActiveCfg = Debug|Any CPU
		{EAB9506F-B52C-4F5D-91FA-6D0DA7FB8013}.Debug|Any CPU.Build.0 = Debug|Any CPU
		{EAB9506F-B52C-4F5D-91FA-6D0DA7FB8013}.Release|Any CPU.ActiveCfg = Release|Any CPU
		{EAB9506F-B52C-4F5D-91FA-6D0DA7FB8013}.Release|Any CPU.Build.0 = Release|Any CPU
		{237C6EA7-C88D-43E2-908A-9D1BB7BF4E9C}.Debug|Any CPU.ActiveCfg = Debug|Any CPU
		{237C6EA7-C88D-43E2-908A-9D1BB7BF4E9C}.Debug|Any CPU.Build.0 = Debug|Any CPU
		{237C6EA7-C88D-43E2-908A-9D1BB7BF4E9C}.Release|Any CPU.ActiveCfg = Release|Any CPU
		{237C6EA7-C88D-43E2-908A-9D1BB7BF4E9C}.Release|Any CPU.Build.0 = Release|Any CPU
		{72581821-9DAB-47B5-B81A-7B91F5E5AE78}.Debug|Any CPU.ActiveCfg = Debug|Any CPU
		{72581821-9DAB-47B5-B81A-7B91F5E5AE78}.Debug|Any CPU.Build.0 = Debug|Any CPU
		{72581821-9DAB-47B5-B81A-7B91F5E5AE78}.Release|Any CPU.ActiveCfg = Release|Any CPU
		{72581821-9DAB-47B5-B81A-7B91F5E5AE78}.Release|Any CPU.Build.0 = Release|Any CPU
		{24CCBBC1-58E2-4F87-95AD-C720BBCBED93}.Debug|Any CPU.ActiveCfg = Debug|Any CPU
		{24CCBBC1-58E2-4F87-95AD-C720BBCBED93}.Debug|Any CPU.Build.0 = Debug|Any CPU
		{24CCBBC1-58E2-4F87-95AD-C720BBCBED93}.Release|Any CPU.ActiveCfg = Release|Any CPU
		{24CCBBC1-58E2-4F87-95AD-C720BBCBED93}.Release|Any CPU.Build.0 = Release|Any CPU
		{D0543204-1E57-439F-989E-58D7095FBD34}.Debug|Any CPU.ActiveCfg = Debug|Any CPU
		{D0543204-1E57-439F-989E-58D7095FBD34}.Debug|Any CPU.Build.0 = Debug|Any CPU
		{D0543204-1E57-439F-989E-58D7095FBD34}.Release|Any CPU.ActiveCfg = Release|Any CPU
		{D0543204-1E57-439F-989E-58D7095FBD34}.Release|Any CPU.Build.0 = Release|Any CPU
	EndGlobalSection
	GlobalSection(SolutionProperties) = preSolution
		HideSolutionNode = FALSE
	EndGlobalSection
	GlobalSection(ExtensibilityGlobals) = postSolution
		SolutionGuid = {B5C2942C-F722-4E03-BD5A-3E2D717EB97B}
	EndGlobalSection
EndGlobal
